
Microsoft Visual Studio Solution File, Format Version 12.00
# Visual Studio Version 17
VisualStudioVersion = 17.7.34018.315
MinimumVisualStudioVersion = 10.0.40219.1
Project("{9A19103F-16F7-4668-BE54-9A1E7A4F7556}") = "DontCommitSecrets.WebApp", "DontCommitSecrets.WebApp\DontCommitSecrets.WebApp.csproj", "{DB5C1FD5-4969-444D-BAA3-20AB59B2A9D6}"
EndProject
Project("{9A19103F-16F7-4668-BE54-9A1E7A4F7556}") = "DontCommitSecrets", "DontCommitSecrets\DontCommitSecrets.csproj", "{CBC28C57-E03D-4EDF-84EE-1EEDAE18A442}"
EndProject
Project("{9A19103F-16F7-4668-BE54-9A1E7A4F7556}") = "DontCommitSecrets.Client", "DontCommitSecrets.Client\DontCommitSecrets.Client.csproj", "{BCED6F74-F3F6-4BF0-BB23-5E0C2FA5118D}"
EndProject
Global
	GlobalSection(SolutionConfigurationPlatforms) = preSolution
		Debug|Any CPU = Debug|Any CPU
		Release|Any CPU = Release|Any CPU
	EndGlobalSection
	GlobalSection(ProjectConfigurationPlatforms) = postSolution
		{DB5C1FD5-4969-444D-BAA3-20AB59B2A9D6}.Debug|Any CPU.ActiveCfg = Debug|Any CPU
		{DB5C1FD5-4969-444D-BAA3-20AB59B2A9D6}.Debug|Any CPU.Build.0 = Debug|Any CPU
		{DB5C1FD5-4969-444D-BAA3-20AB59B2A9D6}.Release|Any CPU.ActiveCfg = Release|Any CPU
		{DB5C1FD5-4969-444D-BAA3-20AB59B2A9D6}.Release|Any CPU.Build.0 = Release|Any CPU
		{CBC28C57-E03D-4EDF-84EE-1EEDAE18A442}.Debug|Any CPU.ActiveCfg = Debug|Any CPU
		{CBC28C57-E03D-4EDF-84EE-1EEDAE18A442}.Debug|Any CPU.Build.0 = Debug|Any CPU
		{CBC28C57-E03D-4EDF-84EE-1EEDAE18A442}.Release|Any CPU.ActiveCfg = Release|Any CPU
		{CBC28C57-E03D-4EDF-84EE-1EEDAE18A442}.Release|Any CPU.Build.0 = Release|Any CPU
		{BCED6F74-F3F6-4BF0-BB23-5E0C2FA5118D}.Debug|Any CPU.ActiveCfg = Debug|Any CPU
		{BCED6F74-F3F6-4BF0-BB23-5E0C2FA5118D}.Debug|Any CPU.Build.0 = Debug|Any CPU
		{BCED6F74-F3F6-4BF0-BB23-5E0C2FA5118D}.Release|Any CPU.ActiveCfg = Release|Any CPU
		{BCED6F74-F3F6-4BF0-BB23-5E0C2FA5118D}.Release|Any CPU.Build.0 = Release|Any CPU
	EndGlobalSection
	GlobalSection(SolutionProperties) = preSolution
		HideSolutionNode = FALSE
	EndGlobalSection
	GlobalSection(ExtensibilityGlobals) = postSolution
		SolutionGuid = {11D83318-AC8C-4A58-8376-552E476CD869}
	EndGlobalSection
EndGlobal
